schema: '2.0'
stages:
  data_ingestion:
    cmd: python src/data_ingestion.py
    deps:
    - path: src/data_ingestion.py
      hash: md5
      md5: 24944fed4728d1a1b7ebc7fc7a93b1ff
      size: 4112
    params:
      params.yaml:
        data_ingestion.test_size: 0.2
    outs:
    - path: data/raw
      hash: md5
      md5: 6a4d11ab83c20d7412f4696595c0b4d1.dir
      size: 479272
      nfiles: 2
  data_preprocessing:
    cmd: python src/data_preprocessing.py
    deps:
    - path: data/raw
      hash: md5
      md5: 6a4d11ab83c20d7412f4696595c0b4d1.dir
      size: 479272
      nfiles: 2
    - path: src/data_preprocessing.py
      hash: md5
      md5: 979f853556e168b3f6d3641335b58dc4
      size: 3889
    outs:
    - path: data/interim
      hash: md5
      md5: d3f80ea917209a657caed01201ee2780.dir
      size: 254818
      nfiles: 2
  feature_engineering:
    cmd: python src/feature_engineering.py
    deps:
    - path: data/interim
      hash: md5
      md5: d3f80ea917209a657caed01201ee2780.dir
      size: 254818
      nfiles: 2
    - path: src/feature_engineering.py
      hash: md5
      md5: 5daf0772bd684ef4e2579db8f4d98472
      size: 4562
    params:
      params.yaml:
        feature_engineering.max_features: 35
    outs:
    - path: data/processed
      hash: md5
      md5: e11dc9e7c5bf459233ca6c4954542306.dir
      size: 829495
      nfiles: 2
  model_building:
    cmd: python src/model_building.py
    deps:
    - path: data/processed
      hash: md5
      md5: e11dc9e7c5bf459233ca6c4954542306.dir
      size: 829495
      nfiles: 2
    - path: src/model_building.py
      hash: md5
      md5: 2ecdc4b894661e42e2ae37ce29a92fe0
      size: 5076
    params:
      params.yaml:
        model_building.n_estimators: 100
        model_building.random_state: 2
    outs:
    - path: models/model.pkl
      hash: md5
      md5: 9c0cf2165b934a19afc5e8137ac65a28
      size: 3305409
  model_evaluation:
    cmd: python src/model_evaluation.py
    deps:
    - path: models/model.pkl
      hash: md5
      md5: 9c0cf2165b934a19afc5e8137ac65a28
      size: 3305409
    - path: src/model_evaluation.py
      hash: md5
      md5: f6307ae573eabd761c55e927fe830b27
      size: 5418
